
Microsoft Visual Studio Solution File, Format Version 12.00
# Visual Studio Version 17
VisualStudioVersion = 17.7.34031.279
MinimumVisualStudioVersion = 10.0.40219.1
Project("{9A19103F-16F7-4668-BE54-9A1E7A4F7556}") = "LunchBox.API", "LunchBoxAPI\LunchBox.API.csproj", "{68CB0B19-499F-4A3E-BEC2-FA2D108C8F49}"
EndProject
Project("{9A19103F-16F7-4668-BE54-9A1E7A4F7556}") = "LunchBox.Admin", "LunchBoxAdmin\LunchBox.Admin.csproj", "{F3F92120-0B72-4700-AD1F-442F1CFDE01E}"
EndProject
Project("{9A19103F-16F7-4668-BE54-9A1E7A4F7556}") = "LunchBox.Shared", "LunchBox.shared\LunchBox.Shared.csproj", "{417899BC-0723-4024-A523-543C96D8263E}"
EndProject
Global
	GlobalSection(SolutionConfigurationPlatforms) = preSolution
		Debug|Any CPU = Debug|Any CPU
		Release|Any CPU = Release|Any CPU
	EndGlobalSection
	GlobalSection(ProjectConfigurationPlatforms) = postSolution
		{68CB0B19-499F-4A3E-BEC2-FA2D108C8F49}.Debug|Any CPU.ActiveCfg = Debug|Any CPU
		{68CB0B19-499F-4A3E-BEC2-FA2D108C8F49}.Debug|Any CPU.Build.0 = Debug|Any CPU
		{68CB0B19-499F-4A3E-BEC2-FA2D108C8F49}.Release|Any CPU.ActiveCfg = Release|Any CPU
		{68CB0B19-499F-4A3E-BEC2-FA2D108C8F49}.Release|Any CPU.Build.0 = Release|Any CPU
		{F3F92120-0B72-4700-AD1F-442F1CFDE01E}.Debug|Any CPU.ActiveCfg = Debug|Any CPU
		{F3F92120-0B72-4700-AD1F-442F1CFDE01E}.Debug|Any CPU.Build.0 = Debug|Any CPU
		{F3F92120-0B72-4700-AD1F-442F1CFDE01E}.Release|Any CPU.ActiveCfg = Release|Any CPU
		{F3F92120-0B72-4700-AD1F-442F1CFDE01E}.Release|Any CPU.Build.0 = Release|Any CPU
		{417899BC-0723-4024-A523-543C96D8263E}.Debug|Any CPU.ActiveCfg = Debug|Any CPU
		{417899BC-0723-4024-A523-543C96D8263E}.Debug|Any CPU.Build.0 = Debug|Any CPU
		{417899BC-0723-4024-A523-543C96D8263E}.Release|Any CPU.ActiveCfg = Release|Any CPU
		{417899BC-0723-4024-A523-543C96D8263E}.Release|Any CPU.Build.0 = Release|Any CPU
	EndGlobalSection
	GlobalSection(SolutionProperties) = preSolution
		HideSolutionNode = FALSE
	EndGlobalSection
	GlobalSection(ExtensibilityGlobals) = postSolution
		SolutionGuid = {B2C398D9-65F3-41DA-9855-BE4A45125D3E}
	EndGlobalSection
EndGlobal
