
Microsoft Visual Studio Solution File, Format Version 12.00
# Visual Studio Version 17
VisualStudioVersion = 17.5.33414.496
MinimumVisualStudioVersion = 10.0.40219.1
Project("{FAE04EC0-301F-11D3-BF4B-00C04F79EFBC}") = "Calculator", "Calculator\Calculator.csproj", "{09EAD2C1-7D90-41F3-9F29-D12C7E2F6633}"
EndProject
Project("{FAE04EC0-301F-11D3-BF4B-00C04F79EFBC}") = "CalculatorTests", "CalculatorTests\CalculatorTests.csproj", "{DF032A72-B7AE-494B-AC42-D2688C9A4EB9}"
EndProject
Project("{2150E333-8FDC-42A3-9474-1A3956D46DE8}") = "Solution Items", "Solution Items", "{97FBA6F8-D3F0-4258-9EB7-D440BC9721FE}"
	ProjectSection(SolutionItems) = preProject
		ReadMe.md = ReadMe.md
	EndProjectSection
EndProject
Global
	GlobalSection(SolutionConfigurationPlatforms) = preSolution
		Debug|Any CPU = Debug|Any CPU
		Release|Any CPU = Release|Any CPU
	EndGlobalSection
	GlobalSection(ProjectConfigurationPlatforms) = postSolution
		{09EAD2C1-7D90-41F3-9F29-D12C7E2F6633}.Debug|Any CPU.ActiveCfg = Debug|Any CPU
		{09EAD2C1-7D90-41F3-9F29-D12C7E2F6633}.Debug|Any CPU.Build.0 = Debug|Any CPU
		{09EAD2C1-7D90-41F3-9F29-D12C7E2F6633}.Release|Any CPU.ActiveCfg = Release|Any CPU
		{09EAD2C1-7D90-41F3-9F29-D12C7E2F6633}.Release|Any CPU.Build.0 = Release|Any CPU
		{DF032A72-B7AE-494B-AC42-D2688C9A4EB9}.Debug|Any CPU.ActiveCfg = Debug|Any CPU
		{DF032A72-B7AE-494B-AC42-D2688C9A4EB9}.Debug|Any CPU.Build.0 = Debug|Any CPU
		{DF032A72-B7AE-494B-AC42-D2688C9A4EB9}.Release|Any CPU.ActiveCfg = Release|Any CPU
		{DF032A72-B7AE-494B-AC42-D2688C9A4EB9}.Release|Any CPU.Build.0 = Release|Any CPU
	EndGlobalSection
	GlobalSection(SolutionProperties) = preSolution
		HideSolutionNode = FALSE
	EndGlobalSection
	GlobalSection(ExtensibilityGlobals) = postSolution
		SolutionGuid = {639DD4A1-F5E5-4F8A-8CDF-68BE3C96AF94}
	EndGlobalSection
EndGlobal
